
Microsoft Visual Studio Solution File, Format Version 12.00
# Visual Studio Version 16
VisualStudioVersion = 16.0.31105.61
MinimumVisualStudioVersion = 10.0.40219.1
Project("{FAE04EC0-301F-11D3-BF4B-00C04F79EFBC}") = "appWebCICD", "appWebCICD\appWebCICD.csproj", "{F73CE0A6-858A-4814-B54D-7CDB51725CEC}"
EndProject
Global
	GlobalSection(SolutionConfigurationPlatforms) = preSolution
		Debug|Any CPU = Debug|Any CPU
		Release|Any CPU = Release|Any CPU
	EndGlobalSection
	GlobalSection(ProjectConfigurationPlatforms) = postSolution
		{F73CE0A6-858A-4814-B54D-7CDB51725CEC}.Debug|Any CPU.ActiveCfg = Debug|Any CPU
		{F73CE0A6-858A-4814-B54D-7CDB51725CEC}.Debug|Any CPU.Build.0 = Debug|Any CPU
		{F73CE0A6-858A-4814-B54D-7CDB51725CEC}.Release|Any CPU.ActiveCfg = Release|Any CPU
		{F73CE0A6-858A-4814-B54D-7CDB51725CEC}.Release|Any CPU.Build.0 = Release|Any CPU
	EndGlobalSection
	GlobalSection(SolutionProperties) = preSolution
		HideSolutionNode = FALSE
	EndGlobalSection
	GlobalSection(ExtensibilityGlobals) = postSolution
		SolutionGuid = {4EC4E190-3F14-496A-8954-DBDA9EEE9A44}
	EndGlobalSection
EndGlobal
